<?xml version="1.0" encoding="utf-8"?>
<Project ToolsVersion="4.0" xmlns="http://schemas.microsoft.com/developer/msbuild/2003">
  <ItemGroup>
    <Filter Include="Source Files">
      <UniqueIdentifier>{4FC737F1-C7A5-4376-A066-2A32D752A2FF}</UniqueIdentifier>
      <Extensions>cpp;c;cc;cxx;def;odl;idl;hpj;bat;asm;asmx</Extensions>
    </Filter>
    <Filter Include="Header Files">
      <UniqueIdentifier>{93995380-89BD-4b04-88EB-625FBE52EBFB}</UniqueIdentifier>
      <Extensions>h;hh;hpp;hxx;hm;inl;inc;xsd</Extensions>
    </Filter>
    <Filter Include="Resource Files">
      <UniqueIdentifier>{67DA6AB6-F800-4c08-8B7A-83BB121AAD01}</UniqueIdentifier>
      <Extensions>rc;ico;cur;bmp;dlg;rc2;rct;bin;rgs;gif;jpg;jpeg;jpe;resx;tiff;tif;png;wav;mfcribbon-ms</Extensions>
    </Filter>
  </ItemGroup>
  <ItemGroup>
    <ClInclude Include="stdafx.h">
      <Filter>Header Files</Filter>
    </ClInclude>
    <ClInclude Include="SDK_HEADERS\AkAudio_classes.h">
      <Filter>Header Files</Filter>
    </ClInclude>
    <ClInclude Include="SDK_HEADERS\AkAudio_f_structs.h">
      <Filter>Header Files</Filter>
    </ClInclude>
    <ClInclude Include="SDK_HEADERS\AkAudio_functions.h">
      <Filter>Header Files</Filter>
    </ClInclude>
    <ClInclude Include="SDK_HEADERS\AkAudio_structs.h">
      <Filter>Header Files</Filter>
    </ClInclude>
    <ClInclude Include="SDK_HEADERS\Core_classes.h">
      <Filter>Header Files</Filter>
    </ClInclude>
    <ClInclude Include="SDK_HEADERS\Core_f_structs.h">
      <Filter>Header Files</Filter>
    </ClInclude>
    <ClInclude Include="SDK_HEADERS\Core_functions.h">
      <Filter>Header Files</Filter>
    </ClInclude>
    <ClInclude Include="SDK_HEADERS\Core_structs.h">
      <Filter>Header Files</Filter>
    </ClInclude>
    <ClInclude Include="SDK_HEADERS\Engine_classes.h">
      <Filter>Header Files</Filter>
    </ClInclude>
    <ClInclude Include="SDK_HEADERS\Engine_f_structs.h">
      <Filter>Header Files</Filter>
    </ClInclude>
    <ClInclude Include="SDK_HEADERS\Engine_functions.h">
      <Filter>Header Files</Filter>
    </ClInclude>
    <ClInclude Include="SDK_HEADERS\Engine_structs.h">
      <Filter>Header Files</Filter>
    </ClInclude>
    <ClInclude Include="SDK_HEADERS\GameFramework_classes.h">
      <Filter>Header Files</Filter>
    </ClInclude>
    <ClInclude Include="SDK_HEADERS\GameFramework_f_structs.h">
      <Filter>Header Files</Filter>
    </ClInclude>
    <ClInclude Include="SDK_HEADERS\GameFramework_functions.h">
      <Filter>Header Files</Filter>
    </ClInclude>
    <ClInclude Include="SDK_HEADERS\GameFramework_structs.h">
      <Filter>Header Files</Filter>
    </ClInclude>
    <ClInclude Include="SDK_HEADERS\GFxUI_classes.h">
      <Filter>Header Files</Filter>
    </ClInclude>
    <ClInclude Include="SDK_HEADERS\GFxUI_f_structs.h">
      <Filter>Header Files</Filter>
    </ClInclude>
    <ClInclude Include="SDK_HEADERS\GFxUI_functions.h">
      <Filter>Header Files</Filter>
    </ClInclude>
    <ClInclude Include="SDK_HEADERS\GFxUI_structs.h">
      <Filter>Header Files</Filter>
    </ClInclude>
    <ClInclude Include="SDK_HEADERS\IpDrv_classes.h">
      <Filter>Header Files</Filter>
    </ClInclude>
    <ClInclude Include="SDK_HEADERS\IpDrv_f_structs.h">
      <Filter>Header Files</Filter>
    </ClInclude>
    <ClInclude Include="SDK_HEADERS\IpDrv_functions.h">
      <Filter>Header Files</Filter>
    </ClInclude>
    <ClInclude Include="SDK_HEADERS\IpDrv_structs.h">
      <Filter>Header Files</Filter>
    </ClInclude>
    <ClInclude Include="SDK_HEADERS\OnlineSubsystemSteamworks_classes.h">
      <Filter>Header Files</Filter>
    </ClInclude>
    <ClInclude Include="SDK_HEADERS\OnlineSubsystemSteamworks_f_structs.h">
      <Filter>Header Files</Filter>
    </ClInclude>
    <ClInclude Include="SDK_HEADERS\OnlineSubsystemSteamworks_functions.h">
      <Filter>Header Files</Filter>
    </ClInclude>
    <ClInclude Include="SDK_HEADERS\OnlineSubsystemSteamworks_structs.h">
      <Filter>Header Files</Filter>
    </ClInclude>
    <ClInclude Include="SDK_HEADERS\ProjectX_classes.h">
      <Filter>Header Files</Filter>
    </ClInclude>
    <ClInclude Include="SDK_HEADERS\ProjectX_f_structs.h">
      <Filter>Header Files</Filter>
    </ClInclude>
    <ClInclude Include="SDK_HEADERS\ProjectX_functions.h">
      <Filter>Header Files</Filter>
    </ClInclude>
    <ClInclude Include="SDK_HEADERS\ProjectX_structs.h">
      <Filter>Header Files</Filter>
    </ClInclude>
    <ClInclude Include="SDK_HEADERS\TAGame_classes.h">
      <Filter>Header Files</Filter>
    </ClInclude>
    <ClInclude Include="SDK_HEADERS\TAGame_f_structs.h">
      <Filter>Header Files</Filter>
    </ClInclude>
    <ClInclude Include="SDK_HEADERS\TAGame_functions.h">
      <Filter>Header Files</Filter>
    </ClInclude>
    <ClInclude Include="SDK_HEADERS\TAGame_structs.h">
      <Filter>Header Files</Filter>
    </ClInclude>
    <ClInclude Include="SDK_HEADERS\WinDrv_classes.h">
      <Filter>Header Files</Filter>
    </ClInclude>
    <ClInclude Include="SDK_HEADERS\WinDrv_f_structs.h">
      <Filter>Header Files</Filter>
    </ClInclude>
    <ClInclude Include="SDK_HEADERS\WinDrv_functions.h">
      <Filter>Header Files</Filter>
    </ClInclude>
    <ClInclude Include="SDK_HEADERS\WinDrv_structs.h">
      <Filter>Header Files</Filter>
    </ClInclude>
    <ClInclude Include="SDK_HEADERS\XAudio2_classes.h">
      <Filter>Header Files</Filter>
    </ClInclude>
    <ClInclude Include="SDK_HEADERS\XAudio2_f_structs.h">
      <Filter>Header Files</Filter>
    </ClInclude>
    <ClInclude Include="SDK_HEADERS\XAudio2_functions.h">
      <Filter>Header Files</Filter>
    </ClInclude>
    <ClInclude Include="SDK_HEADERS\XAudio2_structs.h">
      <Filter>Header Files</Filter>
    </ClInclude>
    <ClInclude Include="SdkHeaders.h">
      <Filter>Header Files</Filter>
    </ClInclude>
    <ClInclude Include="VMTH.h">
      <Filter>Header Files</Filter>
    </ClInclude>
    <ClInclude Include="TFL_HT.h">
      <Filter>Header Files</Filter>
    </ClInclude>
    <ClInclude Include="Globals.h">
      <Filter>Header Files</Filter>
    </ClInclude>
  </ItemGroup>
  <ItemGroup>
    <ClCompile Include="stdafx.cpp">
      <Filter>Source Files</Filter>
    </ClCompile>
    <ClCompile Include="dllmain.cpp">
      <Filter>Source Files</Filter>
    </ClCompile>
    <ClCompile Include="VMTH.cpp">
      <Filter>Source Files</Filter>
    </ClCompile>
    <ClCompile Include="TFL_HT.cpp">
      <Filter>Source Files</Filter>
    </ClCompile>
    <ClCompile Include="Globals.cpp">
      <Filter>Source Files</Filter>
    </ClCompile>
  </ItemGroup>
</Project>